// !$*UTF8*$!
{
	archiveVersion = 1;
	classes = {
	};
	objectVersion = 50;
	objects = {

/* Begin PBXBuildFile section */
		0419A2AA21A2EA9C00AE775B /* AppDelegate.m in Sources */ = {isa = PBXBuildFile; fileRef = 0419A2A921A2EA9C00AE775B /* AppDelegate.m */; };
		0419A2AD21A2EA9C00AE775B /* ViewController.m in Sources */ = {isa = PBXBuildFile; fileRef = 0419A2AC21A2EA9C00AE775B /* ViewController.m */; };
		0419A2B021A2EA9C00AE775B /* Main.storyboard in Resources */ = {isa = PBXBuildFile; fileRef = 0419A2AE21A2EA9C00AE775B /* Main.storyboard */; };
		0419A2B221A2EA9F00AE775B /* Assets.xcassets in Resources */ = {isa = PBXBuildFile; fileRef = 0419A2B121A2EA9F00AE775B /* Assets.xcassets */; };
		0419A2B521A2EA9F00AE775B /* LaunchScreen.storyboard in Resources */ = {isa = PBXBuildFile; fileRef = 0419A2B321A2EA9F00AE775B /* LaunchScreen.storyboard */; };
		0419A2B821A2EA9F00AE775B /* main.m in Sources */ = {isa = PBXBuildFile; fileRef = 0419A2B721A2EA9F00AE775B /* main.m */; };
		0419A2C221A2EA9F00AE775B /* HHAPPConfigTests.m in Sources */ = {isa = PBXBuildFile; fileRef = 0419A2C121A2EA9F00AE775B /* HHAPPConfigTests.m */; };
		0419A2CD21A2EA9F00AE775B /* HHAPPConfigUITests.m in Sources */ = {isa = PBXBuildFile; fileRef = 0419A2CC21A2EA9F00AE775B /* HHAPPConfigUITests.m */; };
		04637DE221A8F5ED00260A90 /* AppDelegate+Ext.m in Sources */ = {isa = PBXBuildFile; fileRef = 04637DE121A8F5ED00260A90 /* AppDelegate+Ext.m */; };
/* End PBXBuildFile section */

/* Begin PBXContainerItemProxy section */
		0419A2BE21A2EA9F00AE775B /* PBXContainerItemProxy */ = {
			isa = PBXContainerItemProxy;
			containerPortal = 0419A29D21A2EA9B00AE775B /* Project object */;
			proxyType = 1;
			remoteGlobalIDString = 0419A2A421A2EA9C00AE775B;
			remoteInfo = HHAPPConfig;
		};
		0419A2C921A2EA9F00AE775B /* PBXContainerItemProxy */ = {
			isa = PBXContainerItemProxy;
			containerPortal = 0419A29D21A2EA9B00AE775B /* Project object */;
			proxyType = 1;
			remoteGlobalIDString = 0419A2A421A2EA9C00AE775B;
			remoteInfo = HHAPPConfig;
		};
/* End PBXContainerItemProxy section */

/* Begin PBXFileReference section */
		0419A2A521A2EA9C00AE775B /* HHAPPConfig.app */ = {isa = PBXFileReference; explicitFileType = wrapper.application; includeInIndex = 0; path = HHAPPConfig.app; sourceTree = BUILT_PRODUCTS_DIR; };
		0419A2A821A2EA9C00AE775B /* AppDelegate.h */ = {isa = PBXFileReference; lastKnownFileType = sourcecode.c.h; path = AppDelegate.h; sourceTree = "<group>"; };
		0419A2A921A2EA9C00AE775B /* AppDelegate.m */ = {isa = PBXFileReference; lastKnownFileType = sourcecode.c.objc; path = AppDelegate.m; sourceTree = "<group>"; };
		0419A2AB21A2EA9C00AE775B /* ViewController.h */ = {isa = PBXFileReference; lastKnownFileType = sourcecode.c.h; path = ViewController.h; sourceTree = "<group>"; };
		0419A2AC21A2EA9C00AE775B /* ViewController.m */ = {isa = PBXFileReference; lastKnownFileType = sourcecode.c.objc; path = ViewController.m; sourceTree = "<group>"; };
		0419A2AF21A2EA9C00AE775B /* Base */ = {isa = PBXFileReference; lastKnownFileType = file.storyboard; name = Base; path = Base.lproj/Main.storyboard; sourceTree = "<group>"; };
		0419A2B121A2EA9F00AE775B /* Assets.xcassets */ = {isa = PBXFileReference; lastKnownFileType = folder.assetcatalog; path = Assets.xcassets; sourceTree = "<group>"; };
		0419A2B421A2EA9F00AE775B /* Base */ = {isa = PBXFileReference; lastKnownFileType = file.storyboard; name = Base; path = Base.lproj/LaunchScreen.storyboard; sourceTree = "<group>"; };
		0419A2B621A2EA9F00AE775B /* Info.plist */ = {isa = PBXFileReference; lastKnownFileType = text.plist.xml; path = Info.plist; sourceTree = "<group>"; };
		0419A2B721A2EA9F00AE775B /* main.m */ = {isa = PBXFileReference; lastKnownFileType = sourcecode.c.objc; path = main.m; sourceTree = "<group>"; };
		0419A2BD21A2EA9F00AE775B /* HHAPPConfigTests.xctest */ = {isa = PBXFileReference; explicitFileType = wrapper.cfbundle; includeInIndex = 0; path = HHAPPConfigTests.xctest; sourceTree = BUILT_PRODUCTS_DIR; };
		0419A2C121A2EA9F00AE775B /* HHAPPConfigTests.m */ = {isa = PBXFileReference; lastKnownFileType = sourcecode.c.objc; path = HHAPPConfigTests.m; sourceTree = "<group>"; };
		0419A2C321A2EA9F00AE775B /* Info.plist */ = {isa = PBXFileReference; lastKnownFileType = text.plist.xml; path = Info.plist; sourceTree = "<group>"; };
		0419A2C821A2EA9F00AE775B /* HHAPPConfigUITests.xctest */ = {isa = PBXFileReference; explicitFileType = wrapper.cfbundle; includeInIndex = 0; path = HHAPPConfigUITests.xctest; sourceTree = BUILT_PRODUCTS_DIR; };
		0419A2CC21A2EA9F00AE775B /* HHAPPConfigUITests.m */ = {isa = PBXFileReference; lastKnownFileType = sourcecode.c.objc; path = HHAPPConfigUITests.m; sourceTree = "<group>"; };
		0419A2CE21A2EA9F00AE775B /* Info.plist */ = {isa = PBXFileReference; lastKnownFileType = text.plist.xml; path = Info.plist; sourceTree = "<group>"; };
		04637DE021A8F5ED00260A90 /* AppDelegate+Ext.h */ = {isa = PBXFileReference; lastKnownFileType = sourcecode.c.h; path = "AppDelegate+Ext.h"; sourceTree = "<group>"; };
		04637DE121A8F5ED00260A90 /* AppDelegate+Ext.m */ = {isa = PBXFileReference; lastKnownFileType = sourcecode.c.objc; path = "AppDelegate+Ext.m"; sourceTree = "<group>"; };
/* End PBXFileReference section */

/* Begin PBXFrameworksBuildPhase section */
		0419A2A221A2EA9C00AE775B /* Frameworks */ = {
			isa = PBXFrameworksBuildPhase;
			buildActionMask = 2147483647;
			files = (
			);
			runOnlyForDeploymentPostprocessing = 0;
		};
		0419A2BA21A2EA9F00AE775B /* Frameworks */ = {
			isa = PBXFrameworksBuildPhase;
			buildActionMask = 2147483647;
			files = (
			);
			runOnlyForDeploymentPostprocessing = 0;
		};
		0419A2C521A2EA9F00AE775B /* Frameworks */ = {
			isa = PBXFrameworksBuildPhase;
			buildActionMask = 2147483647;
			files = (
			);
			runOnlyForDeploymentPostprocessing = 0;
		};
/* End PBXFrameworksBuildPhase section */

/* Begin PBXGroup section */
		0419A29C21A2EA9B00AE775B = {
			isa = PBXGroup;
			children = (
				0419A2A721A2EA9C00AE775B /* HHAPPConfig */,
				0419A2C021A2EA9F00AE775B /* HHAPPConfigTests */,
				0419A2CB21A2EA9F00AE775B /* HHAPPConfigUITests */,
				0419A2A621A2EA9C00AE775B /* Products */,
			);
			sourceTree = "<group>";
		};
		0419A2A621A2EA9C00AE775B /* Products */ = {
			isa = PBXGroup;
			children = (
				0419A2A521A2EA9C00AE775B /* HHAPPConfig.app */,
				0419A2BD21A2EA9F00AE775B /* HHAPPConfigTests.xctest */,
				0419A2C821A2EA9F00AE775B /* HHAPPConfigUITests.xctest */,
			);
			name = Products;
			sourceTree = "<group>";
		};
		0419A2A721A2EA9C00AE775B /* HHAPPConfig */ = {
			isa = PBXGroup;
			children = (
				0419A2A821A2EA9C00AE775B /* AppDelegate.h */,
				0419A2A921A2EA9C00AE775B /* AppDelegate.m */,
				04637DE021A8F5ED00260A90 /* AppDelegate+Ext.h */,
				04637DE121A8F5ED00260A90 /* AppDelegate+Ext.m */,
				0419A2AB21A2EA9C00AE775B /* ViewController.h */,
				0419A2AC21A2EA9C00AE775B /* ViewController.m */,
				0419A2AE21A2EA9C00AE775B /* Main.storyboard */,
				0419A2B121A2EA9F00AE775B /* Assets.xcassets */,
				0419A2B321A2EA9F00AE775B /* LaunchScreen.storyboard */,
				0419A2B621A2EA9F00AE775B /* Info.plist */,
				0419A2B721A2EA9F00AE775B /* main.m */,
			);
			path = HHAPPConfig;
			sourceTree = "<group>";
		};
		0419A2C021A2EA9F00AE775B /* HHAPPConfigTests */ = {
			isa = PBXGroup;
			children = (
				0419A2C121A2EA9F00AE775B /* HHAPPConfigTests.m */,
				0419A2C321A2EA9F00AE775B /* Info.plist */,
			);
			path = HHAPPConfigTests;
			sourceTree = "<group>";
		};
		0419A2CB21A2EA9F00AE775B /* HHAPPConfigUITests */ = {
			isa = PBXGroup;
			children = (
				0419A2CC21A2EA9F00AE775B /* HHAPPConfigUITests.m */,
				0419A2CE21A2EA9F00AE775B /* Info.plist */,
			);
			path = HHAPPConfigUITests;
			sourceTree = "<group>";
		};
/* End PBXGroup section */

/* Begin PBXNativeTarget section */
		0419A2A421A2EA9C00AE775B /* HHAPPConfig */ = {
			isa = PBXNativeTarget;
			buildConfigurationList = 0419A2D121A2EA9F00AE775B /* Build configuration list for PBXNativeTarget "HHAPPConfig" */;
			buildPhases = (
				0419A2A121A2EA9C00AE775B /* Sources */,
				0419A2A221A2EA9C00AE775B /* Frameworks */,
				0419A2A321A2EA9C00AE775B /* Resources */,
			);
			buildRules = (
			);
			dependencies = (
			);
			name = HHAPPConfig;
			productName = HHAPPConfig;
			productReference = 0419A2A521A2EA9C00AE775B /* HHAPPConfig.app */;
			productType = "com.apple.product-type.application";
		};
		0419A2BC21A2EA9F00AE775B /* HHAPPConfigTests */ = {
			isa = PBXNativeTarget;
			buildConfigurationList = 0419A2D421A2EA9F00AE775B /* Build configuration list for PBXNativeTarget "HHAPPConfigTests" */;
			buildPhases = (
				0419A2B921A2EA9F00AE775B /* Sources */,
				0419A2BA21A2EA9F00AE775B /* Frameworks */,
				0419A2BB21A2EA9F00AE775B /* Resources */,
			);
			buildRules = (
			);
			dependencies = (
				0419A2BF21A2EA9F00AE775B /* PBXTargetDependency */,
			);
			name = HHAPPConfigTests;
			productName = HHAPPConfigTests;
			productReference = 0419A2BD21A2EA9F00AE775B /* HHAPPConfigTests.xctest */;
			productType = "com.apple.product-type.bundle.unit-test";
		};
		0419A2C721A2EA9F00AE775B /* HHAPPConfigUITests */ = {
			isa = PBXNativeTarget;
			buildConfigurationList = 0419A2D721A2EA9F00AE775B /* Build configuration list for PBXNativeTarget "HHAPPConfigUITests" */;
			buildPhases = (
				0419A2C421A2EA9F00AE775B /* Sources */,
				0419A2C521A2EA9F00AE775B /* Frameworks */,
				0419A2C621A2EA9F00AE775B /* Resources */,
			);
			buildRules = (
			);
			dependencies = (
				0419A2CA21A2EA9F00AE775B /* PBXTargetDependency */,
			);
			name = HHAPPConfigUITests;
			productName = HHAPPConfigUITests;
			productReference = 0419A2C821A2EA9F00AE775B /* HHAPPConfigUITests.xctest */;
			productType = "com.apple.product-type.bundle.ui-testing";
		};
/* End PBXNativeTarget section */

/* Begin PBXProject section */
		0419A29D21A2EA9B00AE775B /* Project object */ = {
			isa = PBXProject;
			attributes = {
				LastUpgradeCheck = 1000;
				ORGANIZATIONNAME = Mac;
				TargetAttributes = {
					0419A2A421A2EA9C00AE775B = {
						CreatedOnToolsVersion = 10.0;
					};
					0419A2BC21A2EA9F00AE775B = {
						CreatedOnToolsVersion = 10.0;
						TestTargetID = 0419A2A421A2EA9C00AE775B;
					};
					0419A2C721A2EA9F00AE775B = {
						CreatedOnToolsVersion = 10.0;
						TestTargetID = 0419A2A421A2EA9C00AE775B;
					};
				};
			};
			buildConfigurationList = 0419A2A021A2EA9B00AE775B /* Build configuration list for PBXProject "HHAPPConfig" */;
			compatibilityVersion = "Xcode 9.3";
			developmentRegion = en;
			hasScannedForEncodings = 0;
			knownRegions = (
				en,
				Base,
			);
			mainGroup = 0419A29C21A2EA9B00AE775B;
			productRefGroup = 0419A2A621A2EA9C00AE775B /* Products */;
			projectDirPath = "";
			projectRoot = "";
			targets = (
				0419A2A421A2EA9C00AE775B /* HHAPPConfig */,
				0419A2BC21A2EA9F00AE775B /* HHAPPConfigTests */,
				0419A2C721A2EA9F00AE775B /* HHAPPConfigUITests */,
			);
		};
/* End PBXProject section */

/* Begin PBXResourcesBuildPhase section */
		0419A2A321A2EA9C00AE775B /* Resources */ = {
			isa = PBXResourcesBuildPhase;
			buildActionMask = 2147483647;
			files = (
				0419A2B521A2EA9F00AE775B /* LaunchScreen.storyboard in Resources */,
				0419A2B221A2EA9F00AE775B /* Assets.xcassets in Resources */,
				0419A2B021A2EA9C00AE775B /* Main.storyboard in Resources */,
			);
			runOnlyForDeploymentPostprocessing = 0;
		};
		0419A2BB21A2EA9F00AE775B /* Resources */ = {
			isa = PBXResourcesBuildPhase;
			buildActionMask = 2147483647;
			files = (
			);
			runOnlyForDeploymentPostprocessing = 0;
		};
		0419A2C621A2EA9F00AE775B /* Resources */ = {
			isa = PBXResourcesBuildPhase;
			buildActionMask = 2147483647;
			files = (
			);
			runOnlyForDeploymentPostprocessing = 0;
		};
/* End PBXResourcesBuildPhase section */

/* Begin PBXSourcesBuildPhase section */
		0419A2A121A2EA9C00AE775B /* Sources */ = {
			isa = PBXSourcesBuildPhase;
			buildActionMask = 2147483647;
			files = (
				04637DE221A8F5ED00260A90 /* AppDelegate+Ext.m in Sources */,
				0419A2AD21A2EA9C00AE775B /* ViewController.m in Sources */,
				0419A2B821A2EA9F00AE775B /* main.m in Sources */,
				0419A2AA21A2EA9C00AE775B /* AppDelegate.m in Sources */,
			);
			runOnlyForDeploymentPostprocessing = 0;
		};
		0419A2B921A2EA9F00AE775B /* Sources */ = {
			isa = PBXSourcesBuildPhase;
			buildActionMask = 2147483647;
			files = (
				0419A2C221A2EA9F00AE775B /* HHAPPConfigTests.m in Sources */,
			);
			runOnlyForDeploymentPostprocessing = 0;
		};
		0419A2C421A2EA9F00AE775B /* Sources */ = {
			isa = PBXSourcesBuildPhase;
			buildActionMask = 2147483647;
			files = (
				0419A2CD21A2EA9F00AE775B /* HHAPPConfigUITests.m in Sources */,
			);
			runOnlyForDeploymentPostprocessing = 0;
		};
/* End PBXSourcesBuildPhase section */

/* Begin PBXTargetDependency section */
		0419A2BF21A2EA9F00AE775B /* PBXTargetDependency */ = {
			isa = PBXTargetDependency;
			target = 0419A2A421A2EA9C00AE775B /* HHAPPConfig */;
			targetProxy = 0419A2BE21A2EA9F00AE775B /* PBXContainerItemProxy */;
		};
		0419A2CA21A2EA9F00AE775B /* PBXTargetDependency */ = {
			isa = PBXTargetDependency;
			target = 0419A2A421A2EA9C00AE775B /* HHAPPConfig */;
			targetProxy = 0419A2C921A2EA9F00AE775B /* PBXContainerItemProxy */;
		};
/* End PBXTargetDependency section */

/* Begin PBXVariantGroup section */
		0419A2AE21A2EA9C00AE775B /* Main.storyboard */ = {
			isa = PBXVariantGroup;
			children = (
				0419A2AF21A2EA9C00AE775B /* Base */,
			);
			name = Main.storyboard;
			sourceTree = "<group>";
		};
		0419A2B321A2EA9F00AE775B /* LaunchScreen.storyboard */ = {
			isa = PBXVariantGroup;
			children = (
				0419A2B421A2EA9F00AE775B /* Base */,
			);
			name = LaunchScreen.storyboard;
			sourceTree = "<group>";
		};
/* End PBXVariantGroup section */

/* Begin XCBuildConfiguration section */
		0419A2CF21A2EA9F00AE775B /* Debug */ = {
			isa = XCBuildConfiguration;
			buildSettings = {
				ALWAYS_SEARCH_USER_PATHS = NO;
				CLANG_ANALYZER_NONNULL = YES;
				CLANG_ANALYZER_NUMBER_OBJECT_CONVERSION = YES_AGGRESSIVE;
				CLANG_CXX_LANGUAGE_STANDARD = "gnu++14";
				CLANG_CXX_LIBRARY = "libc++";
				CLANG_ENABLE_MODULES = YES;
				CLANG_ENABLE_OBJC_ARC = YES;
				CLANG_ENABLE_OBJC_WEAK = YES;
				CLANG_WARN_BLOCK_CAPTURE_AUTORELEASING = YES;
				CLANG_WARN_BOOL_CONVERSION = YES;
				CLANG_WARN_COMMA = YES;
				CLANG_WARN_CONSTANT_CONVERSION = YES;
				CLANG_WARN_DEPRECATED_OBJC_IMPLEMENTATIONS = YES;
				CLANG_WARN_DIRECT_OBJC_ISA_USAGE = YES_ERROR;
				CLANG_WARN_DOCUMENTATION_COMMENTS = YES;
				CLANG_WARN_EMPTY_BODY = YES;
				CLANG_WARN_ENUM_CONVERSION = YES;
				CLANG_WARN_INFINITE_RECURSION = YES;
				CLANG_WARN_INT_CONVERSION = YES;
				CLANG_WARN_NON_LITERAL_NULL_CONVERSION = YES;
				CLANG_WARN_OBJC_IMPLICIT_RETAIN_SELF = YES;
				CLANG_WARN_OBJC_LITERAL_CONVERSION = YES;
				CLANG_WARN_OBJC_ROOT_CLASS = YES_ERROR;
				CLANG_WARN_RANGE_LOOP_ANALYSIS = YES;
				CLANG_WARN_STRICT_PROTOTYPES = YES;
				CLANG_WARN_SUSPICIOUS_MOVE = YES;
				CLANG_WARN_UNGUARDED_AVAILABILITY = YES_AGGRESSIVE;
				CLANG_WARN_UNREACHABLE_CODE = YES;
				CLANG_WARN__DUPLICATE_METHOD_MATCH = YES;
				CODE_SIGN_IDENTITY = "iPhone Developer";
				COPY_PHASE_STRIP = NO;
				DEBUG_INFORMATION_FORMAT = dwarf;
				ENABLE_STRICT_OBJC_MSGSEND = YES;
				ENABLE_TESTABILITY = YES;
				GCC_C_LANGUAGE_STANDARD = gnu11;
				GCC_DYNAMIC_NO_PIC = NO;
				GCC_NO_COMMON_BLOCKS = YES;
				GCC_OPTIMIZATION_LEVEL = 0;
				GCC_PREPROCESSOR_DEFINITIONS = (
					"DEBUG=1",
					"$(inherited)",
				);
				GCC_WARN_64_TO_32_BIT_CONVERSION = YES;
				GCC_WARN_ABOUT_RETURN_TYPE = YES_ERROR;
				GCC_WARN_UNDECLARED_SELECTOR = YES;
				GCC_WARN_UNINITIALIZED_AUTOS = YES_AGGRESSIVE;
				GCC_WARN_UNUSED_FUNCTION = YES;
				GCC_WARN_UNUSED_VARIABLE = YES;
				IPHONEOS_DEPLOYMENT_TARGET = 12.0;
				MTL_ENABLE_DEBUG_INFO = INCLUDE_SOURCE;
				MTL_FAST_MATH = YES;
				ONLY_ACTIVE_ARCH = YES;
				SDKROOT = iphoneos;
			};
			name = Debug;
		};
		0419A2D021A2EA9F00AE775B /* Release */ = {
			isa = XCBuildConfiguration;
			buildSettings = {
				ALWAYS_SEARCH_USER_PATHS = NO;
				CLANG_ANALYZER_NONNULL = YES;
				CLANG_ANALYZER_NUMBER_OBJECT_CONVERSION = YES_AGGRESSIVE;
				CLANG_CXX_LANGUAGE_STANDARD = "gnu++14";
				CLANG_CXX_LIBRARY = "libc++";
				CLANG_ENABLE_MODULES = YES;
				CLANG_ENABLE_OBJC_ARC = YES;
				CLANG_ENABLE_OBJC_WEAK = YES;
				CLANG_WARN_BLOCK_CAPTURE_AUTORELEASING = YES;
				CLANG_WARN_BOOL_CONVERSION = YES;
				CLANG_WARN_COMMA = YES;
				CLANG_WARN_CONSTANT_CONVERSION = YES;
				CLANG_WARN_DEPRECATED_OBJC_IMPLEMENTATIONS = YES;
				CLANG_WARN_DIRECT_OBJC_ISA_USAGE = YES_ERROR;
				CLANG_WARN_DOCUMENTATION_COMMENTS = YES;
				CLANG_WARN_EMPTY_BODY = YES;
				CLANG_WARN_ENUM_CONVERSION = YES;
				CLANG_WARN_INFINITE_RECURSION = YES;
				CLANG_WARN_INT_CONVERSION = YES;
				CLANG_WARN_NON_LITERAL_NULL_CONVERSION = YES;
				CLANG_WARN_OBJC_IMPLICIT_RETAIN_SELF = YES;
				CLANG_WARN_OBJC_LITERAL_CONVERSION = YES;
				CLANG_WARN_OBJC_ROOT_CLASS = YES_ERROR;
				CLANG_WARN_RANGE_LOOP_ANALYSIS = YES;
				CLANG_WARN_STRICT_PROTOTYPES = YES;
				CLANG_WARN_SUSPICIOUS_MOVE = YES;
				CLANG_WARN_UNGUARDED_AVAILABILITY = YES_AGGRESSIVE;
				CLANG_WARN_UNREACHABLE_CODE = YES;
				CLANG_WARN__DUPLICATE_METHOD_MATCH = YES;
				CODE_SIGN_IDENTITY = "iPhone Developer";
				COPY_PHASE_STRIP = NO;
				DEBUG_INFORMATION_FORMAT = "dwarf-with-dsym";
				ENABLE_NS_ASSERTIONS = NO;
				ENABLE_STRICT_OBJC_MSGSEND = YES;
				GCC_C_LANGUAGE_STANDARD = gnu11;
				GCC_NO_COMMON_BLOCKS = YES;
				GCC_WARN_64_TO_32_BIT_CONVERSION = YES;
				GCC_WARN_ABOUT_RETURN_TYPE = YES_ERROR;
				GCC_WARN_UNDECLARED_SELECTOR = YES;
				GCC_WARN_UNINITIALIZED_AUTOS = YES_AGGRESSIVE;
				GCC_WARN_UNUSED_FUNCTION = YES;
				GCC_WARN_UNUSED_VARIABLE = YES;
				IPHONEOS_DEPLOYMENT_TARGET = 12.0;
				MTL_ENABLE_DEBUG_INFO = NO;
				MTL_FAST_MATH = YES;
				SDKROOT = iphoneos;
				VALIDATE_PRODUCT = YES;
			};
			name = Release;
		};
		0419A2D221A2EA9F00AE775B /* Debug */ = {
			isa = XCBuildConfiguration;
			buildSettings = {
				ASSETCATALOG_COMPILER_APPICON_NAME = AppIcon;
				CODE_SIGN_STYLE = Automatic;
				DEVELOPMENT_TEAM = QWHGM8G358;
				INFOPLIST_FILE = HHAPPConfig/Info.plist;
				LD_RUNPATH_SEARCH_PATHS = (
					"$(inherited)",
					"@executable_path/Frameworks",
				);
				PRODUCT_BUNDLE_IDENTIFIER = ZZ.HHAPPConfig;
				PRODUCT_NAME = "$(TARGET_NAME)";
				TARGETED_DEVICE_FAMILY = "1,2";
			};
			name = Debug;
		};
		0419A2D321A2EA9F00AE775B /* Release */ = {
			isa = XCBuildConfiguration;
			buildSettings = {
				ASSETCATALOG_COMPILER_APPICON_NAME = AppIcon;
				CODE_SIGN_STYLE = Automatic;
				DEVELOPMENT_TEAM = QWHGM8G358;
				INFOPLIST_FILE = HHAPPConfig/Info.plist;
				LD_RUNPATH_SEARCH_PATHS = (
					"$(inherited)",
					"@executable_path/Frameworks",
				);
				PRODUCT_BUNDLE_IDENTIFIER = ZZ.HHAPPConfig;
				PRODUCT_NAME = "$(TARGET_NAME)";
				TARGETED_DEVICE_FAMILY = "1,2";
			};
			name = Release;
		};
		0419A2D521A2EA9F00AE775B /* Debug */ = {
			isa = XCBuildConfiguration;
			buildSettings = {
				BUNDLE_LOADER = "$(TEST_HOST)";
				CODE_SIGN_STYLE = Automatic;
				INFOPLIST_FILE = HHAPPConfigTests/Info.plist;
				LD_RUNPATH_SEARCH_PATHS = (
					"$(inherited)",
					"@executable_path/Frameworks",
					"@loader_path/Frameworks",
				);
				PRODUCT_BUNDLE_IDENTIFIER = ZZ.HHAPPConfigTests;
				PRODUCT_NAME = "$(TARGET_NAME)";
				TARGETED_DEVICE_FAMILY = "1,2";
				TEST_HOST = "$(BUILT_PRODUCTS_DIR)/HHAPPConfig.app/HHAPPConfig";
			};
			name = Debug;
		};
		0419A2D621A2EA9F00AE775B /* Release */ = {
			isa = XCBuildConfiguration;
			buildSettings = {
				BUNDLE_LOADER = "$(TEST_HOST)";
				CODE_SIGN_STYLE = Automatic;
				INFOPLIST_FILE = HHAPPConfigTests/Info.plist;
				LD_RUNPATH_SEARCH_PATHS = (
					"$(inherited)",
					"@executable_path/Frameworks",
					"@loader_path/Frameworks",
				);
				PRODUCT_BUNDLE_IDENTIFIER = ZZ.HHAPPConfigTests;
				PRODUCT_NAME = "$(TARGET_NAME)";
				TARGETED_DEVICE_FAMILY = "1,2";
				TEST_HOST = "$(BUILT_PRODUCTS_DIR)/HHAPPConfig.app/HHAPPConfig";
			};
			name = Release;
		};
		0419A2D821A2EA9F00AE775B /* Debug */ = {
			isa = XCBuildConfiguration;
			buildSettings = {
				CODE_SIGN_STYLE = Automatic;
				INFOPLIST_FILE = HHAPPConfigUITests/Info.plist;
				LD_RUNPATH_SEARCH_PATHS = (
					"$(inherited)",
					"@executable_path/Frameworks",
					"@loader_path/Frameworks",
				);
				PRODUCT_BUNDLE_IDENTIFIER = ZZ.HHAPPConfigUITests;
				PRODUCT_NAME = "$(TARGET_NAME)";
				TARGETED_DEVICE_FAMILY = "1,2";
				TEST_TARGET_NAME = HHAPPConfig;
			};
			name = Debug;
		};
		0419A2D921A2EA9F00AE775B /* Release */ = {
			isa = XCBuildConfiguration;
			buildSettings = {
				CODE_SIGN_STYLE = Automatic;
				INFOPLIST_FILE = HHAPPConfigUITests/Info.plist;
				LD_RUNPATH_SEARCH_PATHS = (
					"$(inherited)",
					"@executable_path/Frameworks",
					"@loader_path/Frameworks",
				);
				PRODUCT_BUNDLE_IDENTIFIER = ZZ.HHAPPConfigUITests;
				PRODUCT_NAME = "$(TARGET_NAME)";
				TARGETED_DEVICE_FAMILY = "1,2";
				TEST_TARGET_NAME = HHAPPConfig;
			};
			name = Release;
		};
/* End XCBuildConfiguration section */

/* Begin XCConfigurationList section */
		0419A2A021A2EA9B00AE775B /* Build configuration list for PBXProject "HHAPPConfig" */ = {
			isa = XCConfigurationList;
			buildConfigurations = (
				0419A2CF21A2EA9F00AE775B /* Debug */,
				0419A2D021A2EA9F00AE775B /* Release */,
			);
			defaultConfigurationIsVisible = 0;
			defaultConfigurationName = Release;
		};
		0419A2D121A2EA9F00AE775B /* Build configuration list for PBXNativeTarget "HHAPPConfig" */ = {
			isa = XCConfigurationList;
			buildConfigurations = (
				0419A2D221A2EA9F00AE775B /* Debug */,
				0419A2D321A2EA9F00AE775B /* Release */,
			);
			defaultConfigurationIsVisible = 0;
			defaultConfigurationName = Release;
		};
		0419A2D421A2EA9F00AE775B /* Build configuration list for PBXNativeTarget "HHAPPConfigTests" */ = {
			isa = XCConfigurationList;
			buildConfigurations = (
				0419A2D521A2EA9F00AE775B /* Debug */,
				0419A2D621A2EA9F00AE775B /* Release */,
			);
			defaultConfigurationIsVisible = 0;
			defaultConfigurationName = Release;
		};
		0419A2D721A2EA9F00AE775B /* Build configuration list for PBXNativeTarget "HHAPPConfigUITests" */ = {
			isa = XCConfigurationList;
			buildConfigurations = (
				0419A2D821A2EA9F00AE775B /* Debug */,
				0419A2D921A2EA9F00AE775B /* Release */,
			);
			defaultConfigurationIsVisible = 0;
			defaultConfigurationName = Release;
		};
/* End XCConfigurationList section */
	};
	rootObject = 0419A29D21A2EA9B00AE775B /* Project object */;
}
